{
  "requires": true,
  "lockfileVersion": 1,
  "dependencies": {
    "ed-grid": {
      "version": "2.9.0",
      "resolved": "https://registry.npmjs.org/ed-grid/-/ed-grid-2.9.0.tgz",
      "integrity": "sha512-Ns/i567Ia353R9UCmwg+321IwkZZFO4yVrI12wEhr/WUgqCfB83dN1CD9ISgb5cIP+O1lZmK4dEZr3pMkes6tQ==",
      "dev": true
    }
  }
}
